
Microsoft Visual Studio Solution File, Format Version 12.00
# Visual Studio Version 17
VisualStudioVersion = 17.14.36121.58 d17.14
MinimumVisualStudioVersion = 10.0.40219.1
Project("{888888A0-9F3D-457C-B088-3A5042F75D52}") = "Spotify Stats", "Spotify Stats.pyproj", "{E935DA6A-8BAD-4224-84CD-653B809F48F4}"
EndProject
Global
	GlobalSection(SolutionConfigurationPlatforms) = preSolution
		Debug|Any CPU = Debug|Any CPU
		Release|Any CPU = Release|Any CPU
	EndGlobalSection
	GlobalSection(ProjectConfigurationPlatforms) = postSolution
		{E935DA6A-8BAD-4224-84CD-653B809F48F4}.Debug|Any CPU.ActiveCfg = Debug|Any CPU
		{E935DA6A-8BAD-4224-84CD-653B809F48F4}.Release|Any CPU.ActiveCfg = Release|Any CPU
	EndGlobalSection
	GlobalSection(SolutionProperties) = preSolution
		HideSolutionNode = FALSE
	EndGlobalSection
	GlobalSection(ExtensibilityGlobals) = postSolution
		SolutionGuid = {00084628-8C4B-471E-B81F-9BB37CD78D9E}
	EndGlobalSection
EndGlobal
